<?xml version="1.0" encoding="utf-8"?>
<Project ToolsVersion="4.0" xmlns="http://schemas.microsoft.com/developer/msbuild/2003">
  <ItemGroup>
    <Filter Include="Source Files">
      <UniqueIdentifier>{4FC737F1-C7A5-4376-A066-2A32D752A2FF}</UniqueIdentifier>
      <Extensions>cpp;c;cc;cxx;c++;cppm;ixx;def;odl;idl;hpj;bat;asm;asmx</Extensions>
    </Filter>
    <Filter Include="Header Files">
      <UniqueIdentifier>{93995380-89BD-4b04-88EB-625FBE52EBFB}</UniqueIdentifier>
      <Extensions>h;hh;hpp;hxx;h++;hm;inl;inc;ipp;xsd</Extensions>
    </Filter>
    <Filter Include="Resource Files">
      <UniqueIdentifier>{67DA6AB6-F800-4c08-8B7A-83BB121AAD01}</UniqueIdentifier>
      <Extensions>rc;ico;cur;bmp;dlg;rc2;rct;bin;rgs;gif;jpg;jpeg;jpe;resx;tiff;tif;png;wav;mfcribbon-ms</Extensions>
    </Filter>
  </ItemGroup>
  <ItemGroup>
    <ClCompile Include="MyForm.cpp">
      <Filter>Source Files</Filter>
    </ClCompile>
    <ClCompile Include="Source.cpp">
      <Filter>Source Files</Filter>
    </ClCompile>
    <ClCompile Include="Board.cpp">
      <Filter>Source Files</Filter>
    </ClCompile>
    <ClCompile Include="Book.cpp">
      <Filter>Source Files</Filter>
    </ClCompile>
    <ClCompile Include="Engine.cpp">
      <Filter>Source Files</Filter>
    </ClCompile>
    <ClCompile Include="Evaluations.cpp">
      <Filter>Source Files</Filter>
    </ClCompile>
    <ClCompile Include="Evaluations2.cpp">
      <Filter>Source Files</Filter>
    </ClCompile>
    <ClCompile Include="FileIO.cpp">
      <Filter>Source Files</Filter>
    </ClCompile>
    <ClCompile Include="functions.cpp">
      <Filter>Source Files</Filter>
    </ClCompile>
    <ClCompile Include="main2.cpp">
      <Filter>Source Files</Filter>
    </ClCompile>
    <ClCompile Include="MoveContent.cpp">
      <Filter>Source Files</Filter>
    </ClCompile>
    <ClCompile Include="PGN.cpp">
      <Filter>Source Files</Filter>
    </ClCompile>
    <ClCompile Include="Piece.cpp">
      <Filter>Source Files</Filter>
    </ClCompile>
    <ClCompile Include="PieceMoves.cpp">
      <Filter>Source Files</Filter>
    </ClCompile>
    <ClCompile Include="PieceSquareTable.cpp">
      <Filter>Source Files</Filter>
    </ClCompile>
    <ClCompile Include="PieceTaken.cpp">
      <Filter>Source Files</Filter>
    </ClCompile>
    <ClCompile Include="PieceValidMoves.cpp">
      <Filter>Source Files</Filter>
    </ClCompile>
    <ClCompile Include="Program.cpp">
      <Filter>Source Files</Filter>
    </ClCompile>
    <ClCompile Include="program_top.cpp">
      <Filter>Source Files</Filter>
    </ClCompile>
    <ClCompile Include="Puzzle.cpp">
      <Filter>Source Files</Filter>
    </ClCompile>
    <ClCompile Include="ResultBoards.cpp">
      <Filter>Source Files</Filter>
    </ClCompile>
    <ClCompile Include="Search.cpp">
      <Filter>Source Files</Filter>
    </ClCompile>
    <ClCompile Include="Square.cpp">
      <Filter>Source Files</Filter>
    </ClCompile>
    <ClCompile Include="Test.cpp">
      <Filter>Source Files</Filter>
    </ClCompile>
    <ClCompile Include="nsd.cpp">
      <Filter>Source Files</Filter>
    </ClCompile>
  </ItemGroup>
  <ItemGroup>
    <ClInclude Include="MyForm.h">
      <Filter>Header Files</Filter>
    </ClInclude>
    <ClInclude Include="Source.h">
      <Filter>Header Files</Filter>
    </ClInclude>
    <ClInclude Include="Board.h">
      <Filter>Header Files</Filter>
    </ClInclude>
    <ClInclude Include="Book.h">
      <Filter>Header Files</Filter>
    </ClInclude>
    <ClInclude Include="Engine.h">
      <Filter>Header Files</Filter>
    </ClInclude>
    <ClInclude Include="Evaluations.h">
      <Filter>Header Files</Filter>
    </ClInclude>
    <ClInclude Include="Evaluations2.h">
      <Filter>Header Files</Filter>
    </ClInclude>
    <ClInclude Include="FileIO.h">
      <Filter>Header Files</Filter>
    </ClInclude>
    <ClInclude Include="functions.h">
      <Filter>Header Files</Filter>
    </ClInclude>
    <ClInclude Include="MoveContent.h">
      <Filter>Header Files</Filter>
    </ClInclude>
    <ClInclude Include="PGN.h">
      <Filter>Header Files</Filter>
    </ClInclude>
    <ClInclude Include="Piece.h">
      <Filter>Header Files</Filter>
    </ClInclude>
    <ClInclude Include="PieceMoves.h">
      <Filter>Header Files</Filter>
    </ClInclude>
    <ClInclude Include="PieceSquareTable.h">
      <Filter>Header Files</Filter>
    </ClInclude>
    <ClInclude Include="PieceTaken.h">
      <Filter>Header Files</Filter>
    </ClInclude>
    <ClInclude Include="PieceValidMoves.h">
      <Filter>Header Files</Filter>
    </ClInclude>
    <ClInclude Include="Program.h">
      <Filter>Header Files</Filter>
    </ClInclude>
    <ClInclude Include="program_top.h">
      <Filter>Header Files</Filter>
    </ClInclude>
    <ClInclude Include="Puzzle.h">
      <Filter>Header Files</Filter>
    </ClInclude>
    <ClInclude Include="ResultBoards.h">
      <Filter>Header Files</Filter>
    </ClInclude>
    <ClInclude Include="Search.h">
      <Filter>Header Files</Filter>
    </ClInclude>
    <ClInclude Include="Square.h">
      <Filter>Header Files</Filter>
    </ClInclude>
    <ClInclude Include="Test.h">
      <Filter>Header Files</Filter>
    </ClInclude>
    <ClInclude Include="nsd.h">
      <Filter>Header Files</Filter>
    </ClInclude>
  </ItemGroup>
  <ItemGroup>
    <Image Include="..\..\..\..\Desktop\board\Chess_bdt60.png">
      <Filter>Resource Files</Filter>
    </Image>
    <Image Include="..\..\..\..\Desktop\board\Chess_blt60.png">
      <Filter>Resource Files</Filter>
    </Image>
    <Image Include="..\..\..\..\Desktop\board\Chess_Board.png">
      <Filter>Resource Files</Filter>
    </Image>
    <Image Include="..\..\..\..\Desktop\board\Chess_kdt60.png">
      <Filter>Resource Files</Filter>
    </Image>
    <Image Include="..\..\..\..\Desktop\board\Chess_klt60.png">
      <Filter>Resource Files</Filter>
    </Image>
    <Image Include="..\..\..\..\Desktop\board\Chess_ndt60.png">
      <Filter>Resource Files</Filter>
    </Image>
    <Image Include="..\..\..\..\Desktop\board\Chess_nlt60.png">
      <Filter>Resource Files</Filter>
    </Image>
    <Image Include="..\..\..\..\Desktop\board\Chess_pdt60.png">
      <Filter>Resource Files</Filter>
    </Image>
    <Image Include="..\..\..\..\Desktop\board\Chess_plt60.png">
      <Filter>Resource Files</Filter>
    </Image>
    <Image Include="..\..\..\..\Desktop\board\Chess_qdt60.png">
      <Filter>Resource Files</Filter>
    </Image>
    <Image Include="..\..\..\..\Desktop\board\Chess_qlt60.png">
      <Filter>Resource Files</Filter>
    </Image>
    <Image Include="..\..\..\..\Desktop\board\Chess_rdt60.png">
      <Filter>Resource Files</Filter>
    </Image>
    <Image Include="..\..\..\..\Desktop\board\Chess_rlt60.png">
      <Filter>Resource Files</Filter>
    </Image>
    <Image Include="..\..\..\..\Desktop\board\empty.png">
      <Filter>Resource Files</Filter>
    </Image>
    <Image Include="..\..\..\..\Desktop\board\Empty_Board.jpg">
      <Filter>Resource Files</Filter>
    </Image>
    <Image Include="..\..\..\..\Desktop\board\unnamed.jpg">
      <Filter>Resource Files</Filter>
    </Image>
    <Image Include="white_pawn.bmp">
      <Filter>Resource Files</Filter>
    </Image>
    <Image Include="Chess_bdt60.png">
      <Filter>Resource Files</Filter>
    </Image>
    <Image Include="Chess_blt60.png">
      <Filter>Resource Files</Filter>
    </Image>
    <Image Include="Chess_kdt60.png">
      <Filter>Resource Files</Filter>
    </Image>
    <Image Include="Chess_klt60.png">
      <Filter>Resource Files</Filter>
    </Image>
    <Image Include="Chess_ndt60.png">
      <Filter>Resource Files</Filter>
    </Image>
    <Image Include="Chess_nlt60.png">
      <Filter>Resource Files</Filter>
    </Image>
    <Image Include="Chess_pdt60.png">
      <Filter>Resource Files</Filter>
    </Image>
    <Image Include="Chess_plt60.png">
      <Filter>Resource Files</Filter>
    </Image>
    <Image Include="Chess_qdt60.png">
      <Filter>Resource Files</Filter>
    </Image>
    <Image Include="Chess_qlt60.png">
      <Filter>Resource Files</Filter>
    </Image>
    <Image Include="Chess_rdt60.png">
      <Filter>Resource Files</Filter>
    </Image>
    <Image Include="Chess_rlt60.png">
      <Filter>Resource Files</Filter>
    </Image>
    <Image Include="empty.png">
      <Filter>Resource Files</Filter>
    </Image>
    <Image Include="unnamed.jpg">
      <Filter>Resource Files</Filter>
    </Image>
    <Image Include="Chess_Board.png">
      <Filter>Resource Files</Filter>
    </Image>
    <Image Include="Empty_Board.jpg">
      <Filter>Resource Files</Filter>
    </Image>
  </ItemGroup>
</Project>